
Microsoft Visual Studio Solution File, Format Version 12.00
# Visual Studio 15
VisualStudioVersion = 15.0.28307.168
MinimumVisualStudioVersion = 10.0.40219.1
Project("{9A19103F-16F7-4668-BE54-9A1E7A4F7556}") = "JiangLiQuery.Web", "JiangLiQuery.Web\JiangLiQuery.Web.csproj", "{CC05E221-27B0-4008-9463-F86361093421}"
EndProject
Project("{9A19103F-16F7-4668-BE54-9A1E7A4F7556}") = "JiangLiQuery.Model", "JiangLi.Model\JiangLiQuery.Model.csproj", "{F9778698-D392-4DB5-A284-0BD43A2C6A7D}"
EndProject
Project("{9A19103F-16F7-4668-BE54-9A1E7A4F7556}") = "JiangLiQuery.Services", "JiangLi.Services\JiangLiQuery.Services.csproj", "{FD871E13-7799-4B38-83EE-CCCB08F31A74}"
EndProject
Project("{9A19103F-16F7-4668-BE54-9A1E7A4F7556}") = "JiangLiQuery.Data", "JiangLiQuery.Data\JiangLiQuery.Data.csproj", "{5CED06EA-12FA-4C1C-BFF7-1B4DFDAB4F2C}"
EndProject
Project("{9A19103F-16F7-4668-BE54-9A1E7A4F7556}") = "JiangLiQuery.IServices", "JiangLiQuery.IServices\JiangLiQuery.IServices.csproj", "{CA470EC4-2A95-4EA4-A7F5-6F7724D2D3A2}"
EndProject
Project("{9A19103F-16F7-4668-BE54-9A1E7A4F7556}") = "JiangLiQuery.Controllers", "JiangLiQuery.Controllers\JiangLiQuery.Controllers.csproj", "{7D843CD8-A890-4A9A-B6B8-4220192D609F}"
EndProject
Project("{FAE04EC0-301F-11D3-BF4B-00C04F79EFBC}") = "JiangLiQuery.ExcelHelper", "JiangLiQuery.ExcelHelper\JiangLiQuery.ExcelHelper.csproj", "{BB7FF74A-1E7F-480D-A8C9-265887163181}"
EndProject
Project("{FAE04EC0-301F-11D3-BF4B-00C04F79EFBC}") = "JiangLiQuery.Library", "JiangLiQuery.Library\JiangLiQuery.Library.csproj", "{D6443D4B-2431-4A9E-8E87-D8DEA6CA4929}"
EndProject
Project("{FAE04EC0-301F-11D3-BF4B-00C04F79EFBC}") = "JiangLiQuery.FileUpload", "JiangLiQuery.FileUpload\JiangLiQuery.FileUpload.csproj", "{16238715-AD7A-4AE1-B907-00116338E75B}"
EndProject
Project("{FAE04EC0-301F-11D3-BF4B-00C04F79EFBC}") = "JiangLiQuery.DataConversion", "DataConversion\JiangLiQuery.DataConversion.csproj", "{E7BAACF3-4E9D-4D86-96B1-DD688710072B}"
EndProject
Global
	GlobalSection(SolutionConfigurationPlatforms) = preSolution
		Debug|Any CPU = Debug|Any CPU
		Release|Any CPU = Release|Any CPU
	EndGlobalSection
	GlobalSection(ProjectConfigurationPlatforms) = postSolution
		{CC05E221-27B0-4008-9463-F86361093421}.Debug|Any CPU.ActiveCfg = Debug|Any CPU
		{CC05E221-27B0-4008-9463-F86361093421}.Debug|Any CPU.Build.0 = Debug|Any CPU
		{CC05E221-27B0-4008-9463-F86361093421}.Release|Any CPU.ActiveCfg = Release|Any CPU
		{CC05E221-27B0-4008-9463-F86361093421}.Release|Any CPU.Build.0 = Release|Any CPU
		{F9778698-D392-4DB5-A284-0BD43A2C6A7D}.Debug|Any CPU.ActiveCfg = Debug|Any CPU
		{F9778698-D392-4DB5-A284-0BD43A2C6A7D}.Debug|Any CPU.Build.0 = Debug|Any CPU
		{F9778698-D392-4DB5-A284-0BD43A2C6A7D}.Release|Any CPU.ActiveCfg = Release|Any CPU
		{F9778698-D392-4DB5-A284-0BD43A2C6A7D}.Release|Any CPU.Build.0 = Release|Any CPU
		{FD871E13-7799-4B38-83EE-CCCB08F31A74}.Debug|Any CPU.ActiveCfg = Debug|Any CPU
		{FD871E13-7799-4B38-83EE-CCCB08F31A74}.Debug|Any CPU.Build.0 = Debug|Any CPU
		{FD871E13-7799-4B38-83EE-CCCB08F31A74}.Release|Any CPU.ActiveCfg = Release|Any CPU
		{FD871E13-7799-4B38-83EE-CCCB08F31A74}.Release|Any CPU.Build.0 = Release|Any CPU
		{5CED06EA-12FA-4C1C-BFF7-1B4DFDAB4F2C}.Debug|Any CPU.ActiveCfg = Debug|Any CPU
		{5CED06EA-12FA-4C1C-BFF7-1B4DFDAB4F2C}.Debug|Any CPU.Build.0 = Debug|Any CPU
		{5CED06EA-12FA-4C1C-BFF7-1B4DFDAB4F2C}.Release|Any CPU.ActiveCfg = Release|Any CPU
		{5CED06EA-12FA-4C1C-BFF7-1B4DFDAB4F2C}.Release|Any CPU.Build.0 = Release|Any CPU
		{CA470EC4-2A95-4EA4-A7F5-6F7724D2D3A2}.Debug|Any CPU.ActiveCfg = Debug|Any CPU
		{CA470EC4-2A95-4EA4-A7F5-6F7724D2D3A2}.Debug|Any CPU.Build.0 = Debug|Any CPU
		{CA470EC4-2A95-4EA4-A7F5-6F7724D2D3A2}.Release|Any CPU.ActiveCfg = Release|Any CPU
		{CA470EC4-2A95-4EA4-A7F5-6F7724D2D3A2}.Release|Any CPU.Build.0 = Release|Any CPU
		{7D843CD8-A890-4A9A-B6B8-4220192D609F}.Debug|Any CPU.ActiveCfg = Debug|Any CPU
		{7D843CD8-A890-4A9A-B6B8-4220192D609F}.Debug|Any CPU.Build.0 = Debug|Any CPU
		{7D843CD8-A890-4A9A-B6B8-4220192D609F}.Release|Any CPU.ActiveCfg = Release|Any CPU
		{7D843CD8-A890-4A9A-B6B8-4220192D609F}.Release|Any CPU.Build.0 = Release|Any CPU
		{BB7FF74A-1E7F-480D-A8C9-265887163181}.Debug|Any CPU.ActiveCfg = Debug|Any CPU
		{BB7FF74A-1E7F-480D-A8C9-265887163181}.Debug|Any CPU.Build.0 = Debug|Any CPU
		{BB7FF74A-1E7F-480D-A8C9-265887163181}.Release|Any CPU.ActiveCfg = Release|Any CPU
		{BB7FF74A-1E7F-480D-A8C9-265887163181}.Release|Any CPU.Build.0 = Release|Any CPU
		{D6443D4B-2431-4A9E-8E87-D8DEA6CA4929}.Debug|Any CPU.ActiveCfg = Debug|Any CPU
		{D6443D4B-2431-4A9E-8E87-D8DEA6CA4929}.Debug|Any CPU.Build.0 = Debug|Any CPU
		{D6443D4B-2431-4A9E-8E87-D8DEA6CA4929}.Release|Any CPU.ActiveCfg = Release|Any CPU
		{D6443D4B-2431-4A9E-8E87-D8DEA6CA4929}.Release|Any CPU.Build.0 = Release|Any CPU
		{16238715-AD7A-4AE1-B907-00116338E75B}.Debug|Any CPU.ActiveCfg = Debug|Any CPU
		{16238715-AD7A-4AE1-B907-00116338E75B}.Debug|Any CPU.Build.0 = Debug|Any CPU
		{16238715-AD7A-4AE1-B907-00116338E75B}.Release|Any CPU.ActiveCfg = Release|Any CPU
		{16238715-AD7A-4AE1-B907-00116338E75B}.Release|Any CPU.Build.0 = Release|Any CPU
		{E7BAACF3-4E9D-4D86-96B1-DD688710072B}.Debug|Any CPU.ActiveCfg = Debug|Any CPU
		{E7BAACF3-4E9D-4D86-96B1-DD688710072B}.Debug|Any CPU.Build.0 = Debug|Any CPU
		{E7BAACF3-4E9D-4D86-96B1-DD688710072B}.Release|Any CPU.ActiveCfg = Release|Any CPU
		{E7BAACF3-4E9D-4D86-96B1-DD688710072B}.Release|Any CPU.Build.0 = Release|Any CPU
	EndGlobalSection
	GlobalSection(SolutionProperties) = preSolution
		HideSolutionNode = FALSE
	EndGlobalSection
	GlobalSection(ExtensibilityGlobals) = postSolution
		SolutionGuid = {B816E942-D322-4E9B-BADE-CB16F7B23890}
	EndGlobalSection
EndGlobal
